{
  "name": "bubblewrap",
  "version": "1.0.0",
  "lockfileVersion": 2,
  "requires": true,
  "packages": {
    "": {
      "version": "1.0.0",
      "license": "ISC",
      "dependencies": {
        "howler": "~2.2.1"
      },
      "devDependencies": {
        "@vitejs/plugin-legacy": "~1.3.2",
        "vite": "~2.1.5"
      }
    },
    "node_modules/@babel/standalone": {
      "version": "7.13.14",
      "resolved": "https://registry.npmjs.org/@babel/standalone/-/standalone-7.13.14.tgz",
      "integrity": "sha512-ZhIZaufaCVMuGt9yLlNTO/ORtI6xNKIHK0D/uEdVUYmS8xROOPgDPZtYesmXBA+xlArlCj5s94g4Nz4g0m0ytA==",
      "dev": true
    },
    "node_modules/@vitejs/plugin-legacy": {
      "version": "1.3.2",
      "resolved": "https://registry.npmjs.org/@vitejs/plugin-legacy/-/plugin-legacy-1.3.2.tgz",
      "integrity": "sha512-nAUHCK5/UaaL9blYiyPE2tNWIHp/QZuQSuiJrRTEH47F9s4/rCWj4IGWpZSNcEbnsTubp7hxnkh9XkSgPT3Dkg==",
      "dev": true,
      "dependencies": {
        "@babel/standalone": "^7.13.12",
        "core-js": "^3.8.2",
        "magic-string": "^0.25.7",
        "regenerator-runtime": "^0.13.7",
        "systemjs": "^6.8.3"
      },
      "engines": {
        "node": ">=12.0.0"
      },
      "peerDependencies": {
        "vite": "^2.0.0-beta.70"
      }
    },
    "node_modules/colorette": {
      "version": "1.2.2",
      "resolved": "https://registry.npmjs.org/colorette/-/colorette-1.2.2.tgz",
      "integrity": "sha512-MKGMzyfeuutC/ZJ1cba9NqcNpfeqMUcYmyF1ZFY6/Cn7CNSAKx6a+s48sqLqyAiZuaP2TcqMhoo+dlwFnVxT9w==",
      "dev": true
    },
    "node_modules/core-js": {
      "version": "3.10.0",
      "resolved": "https://registry.npmjs.org/core-js/-/core-js-3.10.0.tgz",
      "integrity": "sha512-MQx/7TLgmmDVamSyfE+O+5BHvG1aUGj/gHhLn1wVtm2B5u1eVIPvh7vkfjwWKNCjrTJB8+He99IntSQ1qP+vYQ==",
      "dev": true,
      "hasInstallScript": true,
      "funding": {
        "type": "opencollective",
        "url": "https://opencollective.com/core-js"
      }
    },
    "node_modules/esbuild": {
      "version": "0.9.7",
      "resolved": "https://registry.npmjs.org/esbuild/-/esbuild-0.9.7.tgz",
      "integrity": "sha512-VtUf6aQ89VTmMLKrWHYG50uByMF4JQlVysb8dmg6cOgW8JnFCipmz7p+HNBl+RR3LLCuBxFGVauAe2wfnF9bLg==",
      "dev": true,
      "hasInstallScript": true,
      "bin": {
        "esbuild": "bin/esbuild"
      }
    },
    "node_modules/fsevents": {
      "version": "2.3.2",
      "resolved": "https://registry.npmjs.org/fsevents/-/fsevents-2.3.2.tgz",
      "integrity": "sha512-xiqMQR4xAeHTuB9uWm+fFRcIOgKBMiOBP+eXiyT7jsgVCq1bkVygt00oASowB7EdtpOHaaPgKt812P9ab+DDKA==",
      "dev": true,
      "hasInstallScript": true,
      "optional": true,
      "os": [
        "darwin"
      ],
      "engines": {
        "node": "^8.16.0 || ^10.6.0 || >=11.0.0"
      }
    },
    "node_modules/function-bind": {
      "version": "1.1.1",
      "resolved": "https://registry.npmjs.org/function-bind/-/function-bind-1.1.1.tgz",
      "integrity": "sha512-yIovAzMX49sF8Yl58fSCWJ5svSLuaibPxXQJFLmBObTuCr0Mf1KiPopGM9NiFjiYBCbfaa2Fh6breQ6ANVTI0A==",
      "dev": true
    },
    "node_modules/has": {
      "version": "1.0.3",
      "resolved": "https://registry.npmjs.org/has/-/has-1.0.3.tgz",
      "integrity": "sha512-f2dvO0VU6Oej7RkWJGrehjbzMAjFp5/VKPp5tTpWIV4JHHZK1/BxbFRtf/siA2SWTe09caDmVtYYzWEIbBS4zw==",
      "dev": true,
      "dependencies": {
        "function-bind": "^1.1.1"
      },
      "engines": {
        "node": ">= 0.4.0"
      }
    },
    "node_modules/howler": {
      "version": "2.2.1",
      "resolved": "https://registry.npmjs.org/howler/-/howler-2.2.1.tgz",
      "integrity": "sha512-0iIXvuBO/81CcrQ/HSSweYmbT50fT2mIc9XMFb+kxIfk2pW/iKzDbX1n3fZmDXMEIpYvyyfrB+gXwPYSDqUxIQ=="
    },
    "node_modules/is-core-module": {
      "version": "2.2.0",
      "resolved": "https://registry.npmjs.org/is-core-module/-/is-core-module-2.2.0.tgz",
      "integrity": "sha512-XRAfAdyyY5F5cOXn7hYQDqh2Xmii+DEfIcQGxK/uNwMHhIkPWO0g8msXcbzLe+MpGoR951MlqM/2iIlU4vKDdQ==",
      "dev": true,
      "dependencies": {
        "has": "^1.0.3"
      },
      "funding": {
        "url": "https://github.com/sponsors/ljharb"
      }
    },
    "node_modules/magic-string": {
      "version": "0.25.7",
      "resolved": "https://registry.npmjs.org/magic-string/-/magic-string-0.25.7.tgz",
      "integrity": "sha512-4CrMT5DOHTDk4HYDlzmwu4FVCcIYI8gauveasrdCu2IKIFOJ3f0v/8MDGJCDL9oD2ppz/Av1b0Nj345H9M+XIA==",
      "dev": true,
      "dependencies": {
        "sourcemap-codec": "^1.4.4"
      }
    },
    "node_modules/nanoid": {
      "version": "3.1.22",
      "resolved": "https://registry.npmjs.org/nanoid/-/nanoid-3.1.22.tgz",
      "integrity": "sha512-/2ZUaJX2ANuLtTvqTlgqBQNJoQO398KyJgZloL0PZkC0dpysjncRUPsFe3DUPzz/y3h+u7C46np8RMuvF3jsSQ==",
      "dev": true,
      "bin": {
        "nanoid": "bin/nanoid.cjs"
      },
      "engines": {
        "node": "^10 || ^12 || ^13.7 || ^14 || >=15.0.1"
      }
    },
    "node_modules/path-parse": {
      "version": "1.0.6",
      "resolved": "https://registry.npmjs.org/path-parse/-/path-parse-1.0.6.tgz",
      "integrity": "sha512-GSmOT2EbHrINBf9SR7CDELwlJ8AENk3Qn7OikK4nFYAu3Ote2+JYNVvkpAEQm3/TLNEJFD/xZJjzyxg3KBWOzw==",
      "dev": true
    },
    "node_modules/postcss": {
      "version": "8.2.9",
      "resolved": "https://registry.npmjs.org/postcss/-/postcss-8.2.9.tgz",
      "integrity": "sha512-b+TmuIL4jGtCHtoLi+G/PisuIl9avxs8IZMSmlABRwNz5RLUUACrC+ws81dcomz1nRezm5YPdXiMEzBEKgYn+Q==",
      "dev": true,
      "dependencies": {
        "colorette": "^1.2.2",
        "nanoid": "^3.1.22",
        "source-map": "^0.6.1"
      },
      "engines": {
        "node": "^10 || ^12 || >=14"
      },
      "funding": {
        "type": "opencollective",
        "url": "https://opencollective.com/postcss/"
      }
    },
    "node_modules/regenerator-runtime": {
      "version": "0.13.7",
      "resolved": "https://registry.npmjs.org/regenerator-runtime/-/regenerator-runtime-0.13.7.tgz",
      "integrity": "sha512-a54FxoJDIr27pgf7IgeQGxmqUNYrcV338lf/6gH456HZ/PhX+5BcwHXG9ajESmwe6WRO0tAzRUrRmNONWgkrew==",
      "dev": true
    },
    "node_modules/resolve": {
      "version": "1.20.0",
      "resolved": "https://registry.npmjs.org/resolve/-/resolve-1.20.0.tgz",
      "integrity": "sha512-wENBPt4ySzg4ybFQW2TT1zMQucPK95HSh/nq2CFTZVOGut2+pQvSsgtda4d26YrYcr067wjbmzOG8byDPBX63A==",
      "dev": true,
      "dependencies": {
        "is-core-module": "^2.2.0",
        "path-parse": "^1.0.6"
      },
      "funding": {
        "url": "https://github.com/sponsors/ljharb"
      }
    },
    "node_modules/rollup": {
      "version": "2.44.0",
      "resolved": "https://registry.npmjs.org/rollup/-/rollup-2.44.0.tgz",
      "integrity": "sha512-rGSF4pLwvuaH/x4nAS+zP6UNn5YUDWf/TeEU5IoXSZKBbKRNTCI3qMnYXKZgrC0D2KzS2baiOZt1OlqhMu5rnQ==",
      "dev": true,
      "dependencies": {
        "fsevents": "~2.3.1"
      },
      "bin": {
        "rollup": "dist/bin/rollup"
      },
      "engines": {
        "node": ">=10.0.0"
      },
      "optionalDependencies": {
        "fsevents": "~2.3.1"
      }
    },
    "node_modules/source-map": {
      "version": "0.6.1",
      "resolved": "https://registry.npmjs.org/source-map/-/source-map-0.6.1.tgz",
      "integrity": "sha512-UjgapumWlbMhkBgzT7Ykc5YXUT46F0iKu8SGXq0bcwP5dz/h0Plj6enJqjz1Zbq2l5WaqYnrVbwWOWMyF3F47g==",
      "dev": true,
      "engines": {
        "node": ">=0.10.0"
      }
    },
    "node_modules/sourcemap-codec": {
      "version": "1.4.8",
      "resolved": "https://registry.npmjs.org/sourcemap-codec/-/sourcemap-codec-1.4.8.tgz",
      "integrity": "sha512-9NykojV5Uih4lgo5So5dtw+f0JgJX30KCNI8gwhz2J9A15wD0Ml6tjHKwf6fTSa6fAdVBdZeNOs9eJ71qCk8vA==",
      "dev": true
    },
    "node_modules/systemjs": {
      "version": "6.8.3",
      "resolved": "https://registry.npmjs.org/systemjs/-/systemjs-6.8.3.tgz",
      "integrity": "sha512-UcTY+FEA1B7e+bpJk1TI+a9Na6LG7wFEqW7ED16cLqLuQfI/9Ri0rsXm3tKlIgNoHyLHZycjdAOijzNbzelgwA==",
      "dev": true
    },
    "node_modules/vite": {
      "version": "2.1.5",
      "resolved": "https://registry.npmjs.org/vite/-/vite-2.1.5.tgz",
      "integrity": "sha512-tYU5iaYeUgQYvK/CNNz3tiJ8vYqPWfCE9IQ7K0iuzYovWw7lzty7KRYGWwV3CQPh0NKxWjOczAqiJsCL0Xb+Og==",
      "dev": true,
      "dependencies": {
        "esbuild": "^0.9.3",
        "fsevents": "~2.3.1",
        "postcss": "^8.2.1",
        "resolve": "^1.19.0",
        "rollup": "^2.38.5"
      },
      "bin": {
        "vite": "bin/vite.js"
      },
      "engines": {
        "node": ">=12.0.0"
      },
      "optionalDependencies": {
        "fsevents": "~2.3.1"
      }
    }
  },
  "dependencies": {
    "@babel/standalone": {
      "version": "7.13.14",
      "resolved": "https://registry.npmjs.org/@babel/standalone/-/standalone-7.13.14.tgz",
      "integrity": "sha512-ZhIZaufaCVMuGt9yLlNTO/ORtI6xNKIHK0D/uEdVUYmS8xROOPgDPZtYesmXBA+xlArlCj5s94g4Nz4g0m0ytA==",
      "dev": true
    },
    "@vitejs/plugin-legacy": {
      "version": "1.3.2",
      "resolved": "https://registry.npmjs.org/@vitejs/plugin-legacy/-/plugin-legacy-1.3.2.tgz",
      "integrity": "sha512-nAUHCK5/UaaL9blYiyPE2tNWIHp/QZuQSuiJrRTEH47F9s4/rCWj4IGWpZSNcEbnsTubp7hxnkh9XkSgPT3Dkg==",
      "dev": true,
      "requires": {
        "@babel/standalone": "^7.13.12",
        "core-js": "^3.8.2",
        "magic-string": "^0.25.7",
        "regenerator-runtime": "^0.13.7",
        "systemjs": "^6.8.3"
      }
    },
    "colorette": {
      "version": "1.2.2",
      "resolved": "https://registry.npmjs.org/colorette/-/colorette-1.2.2.tgz",
      "integrity": "sha512-MKGMzyfeuutC/ZJ1cba9NqcNpfeqMUcYmyF1ZFY6/Cn7CNSAKx6a+s48sqLqyAiZuaP2TcqMhoo+dlwFnVxT9w==",
      "dev": true
    },
    "core-js": {
      "version": "3.10.0",
      "resolved": "https://registry.npmjs.org/core-js/-/core-js-3.10.0.tgz",
      "integrity": "sha512-MQx/7TLgmmDVamSyfE+O+5BHvG1aUGj/gHhLn1wVtm2B5u1eVIPvh7vkfjwWKNCjrTJB8+He99IntSQ1qP+vYQ==",
      "dev": true
    },
    "esbuild": {
      "version": "0.9.7",
      "resolved": "https://registry.npmjs.org/esbuild/-/esbuild-0.9.7.tgz",
      "integrity": "sha512-VtUf6aQ89VTmMLKrWHYG50uByMF4JQlVysb8dmg6cOgW8JnFCipmz7p+HNBl+RR3LLCuBxFGVauAe2wfnF9bLg==",
      "dev": true
    },
    "fsevents": {
      "version": "2.3.2",
      "resolved": "https://registry.npmjs.org/fsevents/-/fsevents-2.3.2.tgz",
      "integrity": "sha512-xiqMQR4xAeHTuB9uWm+fFRcIOgKBMiOBP+eXiyT7jsgVCq1bkVygt00oASowB7EdtpOHaaPgKt812P9ab+DDKA==",
      "dev": true,
      "optional": true
    },
    "function-bind": {
      "version": "1.1.1",
      "resolved": "https://registry.npmjs.org/function-bind/-/function-bind-1.1.1.tgz",
      "integrity": "sha512-yIovAzMX49sF8Yl58fSCWJ5svSLuaibPxXQJFLmBObTuCr0Mf1KiPopGM9NiFjiYBCbfaa2Fh6breQ6ANVTI0A==",
      "dev": true
    },
    "has": {
      "version": "1.0.3",
      "resolved": "https://registry.npmjs.org/has/-/has-1.0.3.tgz",
      "integrity": "sha512-f2dvO0VU6Oej7RkWJGrehjbzMAjFp5/VKPp5tTpWIV4JHHZK1/BxbFRtf/siA2SWTe09caDmVtYYzWEIbBS4zw==",
      "dev": true,
      "requires": {
        "function-bind": "^1.1.1"
      }
    },
    "howler": {
      "version": "2.2.1",
      "resolved": "https://registry.npmjs.org/howler/-/howler-2.2.1.tgz",
      "integrity": "sha512-0iIXvuBO/81CcrQ/HSSweYmbT50fT2mIc9XMFb+kxIfk2pW/iKzDbX1n3fZmDXMEIpYvyyfrB+gXwPYSDqUxIQ=="
    },
    "is-core-module": {
      "version": "2.2.0",
      "resolved": "https://registry.npmjs.org/is-core-module/-/is-core-module-2.2.0.tgz",
      "integrity": "sha512-XRAfAdyyY5F5cOXn7hYQDqh2Xmii+DEfIcQGxK/uNwMHhIkPWO0g8msXcbzLe+MpGoR951MlqM/2iIlU4vKDdQ==",
      "dev": true,
      "requires": {
        "has": "^1.0.3"
      }
    },
    "magic-string": {
      "version": "0.25.7",
      "resolved": "https://registry.npmjs.org/magic-string/-/magic-string-0.25.7.tgz",
      "integrity": "sha512-4CrMT5DOHTDk4HYDlzmwu4FVCcIYI8gauveasrdCu2IKIFOJ3f0v/8MDGJCDL9oD2ppz/Av1b0Nj345H9M+XIA==",
      "dev": true,
      "requires": {
        "sourcemap-codec": "^1.4.4"
      }
    },
    "nanoid": {
      "version": "3.1.22",
      "resolved": "https://registry.npmjs.org/nanoid/-/nanoid-3.1.22.tgz",
      "integrity": "sha512-/2ZUaJX2ANuLtTvqTlgqBQNJoQO398KyJgZloL0PZkC0dpysjncRUPsFe3DUPzz/y3h+u7C46np8RMuvF3jsSQ==",
      "dev": true
    },
    "path-parse": {
      "version": "1.0.6",
      "resolved": "https://registry.npmjs.org/path-parse/-/path-parse-1.0.6.tgz",
      "integrity": "sha512-GSmOT2EbHrINBf9SR7CDELwlJ8AENk3Qn7OikK4nFYAu3Ote2+JYNVvkpAEQm3/TLNEJFD/xZJjzyxg3KBWOzw==",
      "dev": true
    },
    "postcss": {
      "version": "8.2.9",
      "resolved": "https://registry.npmjs.org/postcss/-/postcss-8.2.9.tgz",
      "integrity": "sha512-b+TmuIL4jGtCHtoLi+G/PisuIl9avxs8IZMSmlABRwNz5RLUUACrC+ws81dcomz1nRezm5YPdXiMEzBEKgYn+Q==",
      "dev": true,
      "requires": {
        "colorette": "^1.2.2",
        "nanoid": "^3.1.22",
        "source-map": "^0.6.1"
      }
    },
    "regenerator-runtime": {
      "version": "0.13.7",
      "resolved": "https://registry.npmjs.org/regenerator-runtime/-/regenerator-runtime-0.13.7.tgz",
      "integrity": "sha512-a54FxoJDIr27pgf7IgeQGxmqUNYrcV338lf/6gH456HZ/PhX+5BcwHXG9ajESmwe6WRO0tAzRUrRmNONWgkrew==",
      "dev": true
    },
    "resolve": {
      "version": "1.20.0",
      "resolved": "https://registry.npmjs.org/resolve/-/resolve-1.20.0.tgz",
      "integrity": "sha512-wENBPt4ySzg4ybFQW2TT1zMQucPK95HSh/nq2CFTZVOGut2+pQvSsgtda4d26YrYcr067wjbmzOG8byDPBX63A==",
      "dev": true,
      "requires": {
        "is-core-module": "^2.2.0",
        "path-parse": "^1.0.6"
      }
    },
    "rollup": {
      "version": "2.44.0",
      "resolved": "https://registry.npmjs.org/rollup/-/rollup-2.44.0.tgz",
      "integrity": "sha512-rGSF4pLwvuaH/x4nAS+zP6UNn5YUDWf/TeEU5IoXSZKBbKRNTCI3qMnYXKZgrC0D2KzS2baiOZt1OlqhMu5rnQ==",
      "dev": true,
      "requires": {
        "fsevents": "~2.3.1"
      }
    },
    "source-map": {
      "version": "0.6.1",
      "resolved": "https://registry.npmjs.org/source-map/-/source-map-0.6.1.tgz",
      "integrity": "sha512-UjgapumWlbMhkBgzT7Ykc5YXUT46F0iKu8SGXq0bcwP5dz/h0Plj6enJqjz1Zbq2l5WaqYnrVbwWOWMyF3F47g==",
      "dev": true
    },
    "sourcemap-codec": {
      "version": "1.4.8",
      "resolved": "https://registry.npmjs.org/sourcemap-codec/-/sourcemap-codec-1.4.8.tgz",
      "integrity": "sha512-9NykojV5Uih4lgo5So5dtw+f0JgJX30KCNI8gwhz2J9A15wD0Ml6tjHKwf6fTSa6fAdVBdZeNOs9eJ71qCk8vA==",
      "dev": true
    },
    "systemjs": {
      "version": "6.8.3",
      "resolved": "https://registry.npmjs.org/systemjs/-/systemjs-6.8.3.tgz",
      "integrity": "sha512-UcTY+FEA1B7e+bpJk1TI+a9Na6LG7wFEqW7ED16cLqLuQfI/9Ri0rsXm3tKlIgNoHyLHZycjdAOijzNbzelgwA==",
      "dev": true
    },
    "vite": {
      "version": "2.1.5",
      "resolved": "https://registry.npmjs.org/vite/-/vite-2.1.5.tgz",
      "integrity": "sha512-tYU5iaYeUgQYvK/CNNz3tiJ8vYqPWfCE9IQ7K0iuzYovWw7lzty7KRYGWwV3CQPh0NKxWjOczAqiJsCL0Xb+Og==",
      "dev": true,
      "requires": {
        "esbuild": "^0.9.3",
        "fsevents": "~2.3.1",
        "postcss": "^8.2.1",
        "resolve": "^1.19.0",
        "rollup": "^2.38.5"
      }
    }
  }
}
